
Microsoft Visual Studio Solution File, Format Version 12.00
# Visual Studio 15
VisualStudioVersion = 15.0.28307.329
MinimumVisualStudioVersion = 10.0.40219.1
Project("{FAE04EC0-301F-11D3-BF4B-00C04F79EFBC}") = "TheProfessionalStalker", "TheProfessionalStalker\TheProfessionalStalker.csproj", "{820D7CE3-3105-47E8-8C54-D04EB5BC4C55}"
EndProject
Global
	GlobalSection(SolutionConfigurationPlatforms) = preSolution
		Debug|Any CPU = Debug|Any CPU
		Release|Any CPU = Release|Any CPU
	EndGlobalSection
	GlobalSection(ProjectConfigurationPlatforms) = postSolution
		{820D7CE3-3105-47E8-8C54-D04EB5BC4C55}.Debug|Any CPU.ActiveCfg = Debug|Any CPU
		{820D7CE3-3105-47E8-8C54-D04EB5BC4C55}.Debug|Any CPU.Build.0 = Debug|Any CPU
		{820D7CE3-3105-47E8-8C54-D04EB5BC4C55}.Release|Any CPU.ActiveCfg = Release|Any CPU
		{820D7CE3-3105-47E8-8C54-D04EB5BC4C55}.Release|Any CPU.Build.0 = Release|Any CPU
	EndGlobalSection
	GlobalSection(SolutionProperties) = preSolution
		HideSolutionNode = FALSE
	EndGlobalSection
	GlobalSection(ExtensibilityGlobals) = postSolution
		SolutionGuid = {8BA630D0-25F8-47A4-8F69-2557461DADA3}
	EndGlobalSection
EndGlobal
